// !$*UTF8*$!
{
	archiveVersion = 1;
	classes = {
	};
	objectVersion = 46;
	objects = {

/* Begin PBXBuildFile section */
		FDD32D361DBF6472001D7884 /* AppDelegate.swift in Sources */ = {isa = PBXBuildFile; fileRef = FDD32D351DBF6472001D7884 /* AppDelegate.swift */; };
		FDD32D381DBF6472001D7884 /* ViewController.swift in Sources */ = {isa = PBXBuildFile; fileRef = FDD32D371DBF6472001D7884 /* ViewController.swift */; };
		FDD32D3B1DBF6472001D7884 /* Main.storyboard in Resources */ = {isa = PBXBuildFile; fileRef = FDD32D391DBF6472001D7884 /* Main.storyboard */; };
		FDD32D3E1DBF6472001D7884 /* TESTPRO.xcdatamodeld in Sources */ = {isa = PBXBuildFile; fileRef = FDD32D3C1DBF6472001D7884 /* TESTPRO.xcdatamodeld */; };
		FDD32D401DBF6472001D7884 /* Assets.xcassets in Resources */ = {isa = PBXBuildFile; fileRef = FDD32D3F1DBF6472001D7884 /* Assets.xcassets */; };
		FDD32D431DBF6472001D7884 /* LaunchScreen.storyboard in Resources */ = {isa = PBXBuildFile; fileRef = FDD32D411DBF6472001D7884 /* LaunchScreen.storyboard */; };
		FDD32D4E1DBF6472001D7884 /* TESTPROTests.swift in Sources */ = {isa = PBXBuildFile; fileRef = FDD32D4D1DBF6472001D7884 /* TESTPROTests.swift */; };
		FDD32D591DBF6473001D7884 /* TESTPROUITests.swift in Sources */ = {isa = PBXBuildFile; fileRef = FDD32D581DBF6473001D7884 /* TESTPROUITests.swift */; };
/* End PBXBuildFile section */

/* Begin PBXContainerItemProxy section */
		FDD32D4A1DBF6472001D7884 /* PBXContainerItemProxy */ = {
			isa = PBXContainerItemProxy;
			containerPortal = FDD32D2A1DBF6472001D7884 /* Project object */;
			proxyType = 1;
			remoteGlobalIDString = FDD32D311DBF6472001D7884;
			remoteInfo = TESTPRO;
		};
		FDD32D551DBF6473001D7884 /* PBXContainerItemProxy */ = {
			isa = PBXContainerItemProxy;
			containerPortal = FDD32D2A1DBF6472001D7884 /* Project object */;
			proxyType = 1;
			remoteGlobalIDString = FDD32D311DBF6472001D7884;
			remoteInfo = TESTPRO;
		};
/* End PBXContainerItemProxy section */

/* Begin PBXFileReference section */
		FDD32D321DBF6472001D7884 /* TESTPRO.app */ = {isa = PBXFileReference; explicitFileType = wrapper.application; includeInIndex = 0; path = TESTPRO.app; sourceTree = BUILT_PRODUCTS_DIR; };
		FDD32D351DBF6472001D7884 /* AppDelegate.swift */ = {isa = PBXFileReference; lastKnownFileType = sourcecode.swift; path = AppDelegate.swift; sourceTree = "<group>"; };
		FDD32D371DBF6472001D7884 /* ViewController.swift */ = {isa = PBXFileReference; lastKnownFileType = sourcecode.swift; path = ViewController.swift; sourceTree = "<group>"; };
		FDD32D3A1DBF6472001D7884 /* Base */ = {isa = PBXFileReference; lastKnownFileType = file.storyboard; name = Base; path = Base.lproj/Main.storyboard; sourceTree = "<group>"; };
		FDD32D3D1DBF6472001D7884 /* TESTPRO.xcdatamodel */ = {isa = PBXFileReference; lastKnownFileType = wrapper.xcdatamodel; path = TESTPRO.xcdatamodel; sourceTree = "<group>"; };
		FDD32D3F1DBF6472001D7884 /* Assets.xcassets */ = {isa = PBXFileReference; lastKnownFileType = folder.assetcatalog; path = Assets.xcassets; sourceTree = "<group>"; };
		FDD32D421DBF6472001D7884 /* Base */ = {isa = PBXFileReference; lastKnownFileType = file.storyboard; name = Base; path = Base.lproj/LaunchScreen.storyboard; sourceTree = "<group>"; };
		FDD32D441DBF6472001D7884 /* Info.plist */ = {isa = PBXFileReference; lastKnownFileType = text.plist.xml; path = Info.plist; sourceTree = "<group>"; };
		FDD32D491DBF6472001D7884 /* TESTPROTests.xctest */ = {isa = PBXFileReference; explicitFileType = wrapper.cfbundle; includeInIndex = 0; path = TESTPROTests.xctest; sourceTree = BUILT_PRODUCTS_DIR; };
		FDD32D4D1DBF6472001D7884 /* TESTPROTests.swift */ = {isa = PBXFileReference; lastKnownFileType = sourcecode.swift; path = TESTPROTests.swift; sourceTree = "<group>"; };
		FDD32D4F1DBF6472001D7884 /* Info.plist */ = {isa = PBXFileReference; lastKnownFileType = text.plist.xml; path = Info.plist; sourceTree = "<group>"; };
		FDD32D541DBF6473001D7884 /* TESTPROUITests.xctest */ = {isa = PBXFileReference; explicitFileType = wrapper.cfbundle; includeInIndex = 0; path = TESTPROUITests.xctest; sourceTree = BUILT_PRODUCTS_DIR; };
		FDD32D581DBF6473001D7884 /* TESTPROUITests.swift */ = {isa = PBXFileReference; lastKnownFileType = sourcecode.swift; path = TESTPROUITests.swift; sourceTree = "<group>"; };
		FDD32D5A1DBF6473001D7884 /* Info.plist */ = {isa = PBXFileReference; lastKnownFileType = text.plist.xml; path = Info.plist; sourceTree = "<group>"; };
/* End PBXFileReference section */

/* Begin PBXFrameworksBuildPhase section */
		FDD32D2F1DBF6472001D7884 /* Frameworks */ = {
			isa = PBXFrameworksBuildPhase;
			buildActionMask = 2147483647;
			files = (
			);
			runOnlyForDeploymentPostprocessing = 0;
		};
		FDD32D461DBF6472001D7884 /* Frameworks */ = {
			isa = PBXFrameworksBuildPhase;
			buildActionMask = 2147483647;
			files = (
			);
			runOnlyForDeploymentPostprocessing = 0;
		};
		FDD32D511DBF6473001D7884 /* Frameworks */ = {
			isa = PBXFrameworksBuildPhase;
			buildActionMask = 2147483647;
			files = (
			);
			runOnlyForDeploymentPostprocessing = 0;
		};
/* End PBXFrameworksBuildPhase section */

/* Begin PBXGroup section */
		FDD32D291DBF6472001D7884 = {
			isa = PBXGroup;
			children = (
				FDD32D341DBF6472001D7884 /* TESTPRO */,
				FDD32D4C1DBF6472001D7884 /* TESTPROTests */,
				FDD32D571DBF6473001D7884 /* TESTPROUITests */,
				FDD32D331DBF6472001D7884 /* Products */,
			);
			sourceTree = "<group>";
		};
		FDD32D331DBF6472001D7884 /* Products */ = {
			isa = PBXGroup;
			children = (
				FDD32D321DBF6472001D7884 /* TESTPRO.app */,
				FDD32D491DBF6472001D7884 /* TESTPROTests.xctest */,
				FDD32D541DBF6473001D7884 /* TESTPROUITests.xctest */,
			);
			name = Products;
			sourceTree = "<group>";
		};
		FDD32D341DBF6472001D7884 /* TESTPRO */ = {
			isa = PBXGroup;
			children = (
				FDD32D351DBF6472001D7884 /* AppDelegate.swift */,
				FDD32D371DBF6472001D7884 /* ViewController.swift */,
				FDD32D391DBF6472001D7884 /* Main.storyboard */,
				FDD32D3F1DBF6472001D7884 /* Assets.xcassets */,
				FDD32D411DBF6472001D7884 /* LaunchScreen.storyboard */,
				FDD32D441DBF6472001D7884 /* Info.plist */,
				FDD32D3C1DBF6472001D7884 /* TESTPRO.xcdatamodeld */,
			);
			path = TESTPRO;
			sourceTree = "<group>";
		};
		FDD32D4C1DBF6472001D7884 /* TESTPROTests */ = {
			isa = PBXGroup;
			children = (
				FDD32D4D1DBF6472001D7884 /* TESTPROTests.swift */,
				FDD32D4F1DBF6472001D7884 /* Info.plist */,
			);
			path = TESTPROTests;
			sourceTree = "<group>";
		};
		FDD32D571DBF6473001D7884 /* TESTPROUITests */ = {
			isa = PBXGroup;
			children = (
				FDD32D581DBF6473001D7884 /* TESTPROUITests.swift */,
				FDD32D5A1DBF6473001D7884 /* Info.plist */,
			);
			path = TESTPROUITests;
			sourceTree = "<group>";
		};
/* End PBXGroup section */

/* Begin PBXNativeTarget section */
		FDD32D311DBF6472001D7884 /* TESTPRO */ = {
			isa = PBXNativeTarget;
			buildConfigurationList = FDD32D5D1DBF6473001D7884 /* Build configuration list for PBXNativeTarget "TESTPRO" */;
			buildPhases = (
				FDD32D2E1DBF6472001D7884 /* Sources */,
				FDD32D2F1DBF6472001D7884 /* Frameworks */,
				FDD32D301DBF6472001D7884 /* Resources */,
			);
			buildRules = (
			);
			dependencies = (
			);
			name = TESTPRO;
			productName = TESTPRO;
			productReference = FDD32D321DBF6472001D7884 /* TESTPRO.app */;
			productType = "com.apple.product-type.application";
		};
		FDD32D481DBF6472001D7884 /* TESTPROTests */ = {
			isa = PBXNativeTarget;
			buildConfigurationList = FDD32D601DBF6473001D7884 /* Build configuration list for PBXNativeTarget "TESTPROTests" */;
			buildPhases = (
				FDD32D451DBF6472001D7884 /* Sources */,
				FDD32D461DBF6472001D7884 /* Frameworks */,
				FDD32D471DBF6472001D7884 /* Resources */,
			);
			buildRules = (
			);
			dependencies = (
				FDD32D4B1DBF6472001D7884 /* PBXTargetDependency */,
			);
			name = TESTPROTests;
			productName = TESTPROTests;
			productReference = FDD32D491DBF6472001D7884 /* TESTPROTests.xctest */;
			productType = "com.apple.product-type.bundle.unit-test";
		};
		FDD32D531DBF6473001D7884 /* TESTPROUITests */ = {
			isa = PBXNativeTarget;
			buildConfigurationList = FDD32D631DBF6473001D7884 /* Build configuration list for PBXNativeTarget "TESTPROUITests" */;
			buildPhases = (
				FDD32D501DBF6473001D7884 /* Sources */,
				FDD32D511DBF6473001D7884 /* Frameworks */,
				FDD32D521DBF6473001D7884 /* Resources */,
			);
			buildRules = (
			);
			dependencies = (
				FDD32D561DBF6473001D7884 /* PBXTargetDependency */,
			);
			name = TESTPROUITests;
			productName = TESTPROUITests;
			productReference = FDD32D541DBF6473001D7884 /* TESTPROUITests.xctest */;
			productType = "com.apple.product-type.bundle.ui-testing";
		};
/* End PBXNativeTarget section */

/* Begin PBXProject section */
		FDD32D2A1DBF6472001D7884 /* Project object */ = {
			isa = PBXProject;
			attributes = {
				LastSwiftUpdateCheck = 0800;
				LastUpgradeCheck = 0800;
				ORGANIZATIONNAME = Prasad.d;
				TargetAttributes = {
					FDD32D311DBF6472001D7884 = {
						CreatedOnToolsVersion = 8.0;
						ProvisioningStyle = Automatic;
					};
					FDD32D481DBF6472001D7884 = {
						CreatedOnToolsVersion = 8.0;
						ProvisioningStyle = Automatic;
						TestTargetID = FDD32D311DBF6472001D7884;
					};
					FDD32D531DBF6473001D7884 = {
						CreatedOnToolsVersion = 8.0;
						ProvisioningStyle = Automatic;
						TestTargetID = FDD32D311DBF6472001D7884;
					};
				};
			};
			buildConfigurationList = FDD32D2D1DBF6472001D7884 /* Build configuration list for PBXProject "TESTPRO" */;
			compatibilityVersion = "Xcode 3.2";
			developmentRegion = English;
			hasScannedForEncodings = 0;
			knownRegions = (
				en,
				Base,
			);
			mainGroup = FDD32D291DBF6472001D7884;
			productRefGroup = FDD32D331DBF6472001D7884 /* Products */;
			projectDirPath = "";
			projectRoot = "";
			targets = (
				FDD32D311DBF6472001D7884 /* TESTPRO */,
				FDD32D481DBF6472001D7884 /* TESTPROTests */,
				FDD32D531DBF6473001D7884 /* TESTPROUITests */,
			);
		};
/* End PBXProject section */

/* Begin PBXResourcesBuildPhase section */
		FDD32D301DBF6472001D7884 /* Resources */ = {
			isa = PBXResourcesBuildPhase;
			buildActionMask = 2147483647;
			files = (
				FDD32D431DBF6472001D7884 /* LaunchScreen.storyboard in Resources */,
				FDD32D401DBF6472001D7884 /* Assets.xcassets in Resources */,
				FDD32D3B1DBF6472001D7884 /* Main.storyboard in Resources */,
			);
			runOnlyForDeploymentPostprocessing = 0;
		};
		FDD32D471DBF6472001D7884 /* Resources */ = {
			isa = PBXResourcesBuildPhase;
			buildActionMask = 2147483647;
			files = (
			);
			runOnlyForDeploymentPostprocessing = 0;
		};
		FDD32D521DBF6473001D7884 /* Resources */ = {
			isa = PBXResourcesBuildPhase;
			buildActionMask = 2147483647;
			files = (
			);
			runOnlyForDeploymentPostprocessing = 0;
		};
/* End PBXResourcesBuildPhase section */

/* Begin PBXSourcesBuildPhase section */
		FDD32D2E1DBF6472001D7884 /* Sources */ = {
			isa = PBXSourcesBuildPhase;
			buildActionMask = 2147483647;
			files = (
				FDD32D381DBF6472001D7884 /* ViewController.swift in Sources */,
				FDD32D3E1DBF6472001D7884 /* TESTPRO.xcdatamodeld in Sources */,
				FDD32D361DBF6472001D7884 /* AppDelegate.swift in Sources */,
			);
			runOnlyForDeploymentPostprocessing = 0;
		};
		FDD32D451DBF6472001D7884 /* Sources */ = {
			isa = PBXSourcesBuildPhase;
			buildActionMask = 2147483647;
			files = (
				FDD32D4E1DBF6472001D7884 /* TESTPROTests.swift in Sources */,
			);
			runOnlyForDeploymentPostprocessing = 0;
		};
		FDD32D501DBF6473001D7884 /* Sources */ = {
			isa = PBXSourcesBuildPhase;
			buildActionMask = 2147483647;
			files = (
				FDD32D591DBF6473001D7884 /* TESTPROUITests.swift in Sources */,
			);
			runOnlyForDeploymentPostprocessing = 0;
		};
/* End PBXSourcesBuildPhase section */

/* Begin PBXTargetDependency section */
		FDD32D4B1DBF6472001D7884 /* PBXTargetDependency */ = {
			isa = PBXTargetDependency;
			target = FDD32D311DBF6472001D7884 /* TESTPRO */;
			targetProxy = FDD32D4A1DBF6472001D7884 /* PBXContainerItemProxy */;
		};
		FDD32D561DBF6473001D7884 /* PBXTargetDependency */ = {
			isa = PBXTargetDependency;
			target = FDD32D311DBF6472001D7884 /* TESTPRO */;
			targetProxy = FDD32D551DBF6473001D7884 /* PBXContainerItemProxy */;
		};
/* End PBXTargetDependency section */

/* Begin PBXVariantGroup section */
		FDD32D391DBF6472001D7884 /* Main.storyboard */ = {
			isa = PBXVariantGroup;
			children = (
				FDD32D3A1DBF6472001D7884 /* Base */,
			);
			name = Main.storyboard;
			sourceTree = "<group>";
		};
		FDD32D411DBF6472001D7884 /* LaunchScreen.storyboard */ = {
			isa = PBXVariantGroup;
			children = (
				FDD32D421DBF6472001D7884 /* Base */,
			);
			name = LaunchScreen.storyboard;
			sourceTree = "<group>";
		};
/* End PBXVariantGroup section */

/* Begin XCBuildConfiguration section */
		FDD32D5B1DBF6473001D7884 /* Debug */ = {
			isa = XCBuildConfiguration;
			buildSettings = {
				ALWAYS_SEARCH_USER_PATHS = NO;
				CLANG_ANALYZER_NONNULL = YES;
				CLANG_CXX_LANGUAGE_STANDARD = "gnu++0x";
				CLANG_CXX_LIBRARY = "libc++";
				CLANG_ENABLE_MODULES = YES;
				CLANG_ENABLE_OBJC_ARC = YES;
				CLANG_WARN_BOOL_CONVERSION = YES;
				CLANG_WARN_CONSTANT_CONVERSION = YES;
				CLANG_WARN_DIRECT_OBJC_ISA_USAGE = YES_ERROR;
				CLANG_WARN_DOCUMENTATION_COMMENTS = YES;
				CLANG_WARN_EMPTY_BODY = YES;
				CLANG_WARN_ENUM_CONVERSION = YES;
				CLANG_WARN_INFINITE_RECURSION = YES;
				CLANG_WARN_INT_CONVERSION = YES;
				CLANG_WARN_OBJC_ROOT_CLASS = YES_ERROR;
				CLANG_WARN_SUSPICIOUS_MOVES = YES;
				CLANG_WARN_UNREACHABLE_CODE = YES;
				CLANG_WARN__DUPLICATE_METHOD_MATCH = YES;
				"CODE_SIGN_IDENTITY[sdk=iphoneos*]" = "iPhone Developer";
				COPY_PHASE_STRIP = NO;
				DEBUG_INFORMATION_FORMAT = dwarf;
				ENABLE_STRICT_OBJC_MSGSEND = YES;
				ENABLE_TESTABILITY = YES;
				GCC_C_LANGUAGE_STANDARD = gnu99;
				GCC_DYNAMIC_NO_PIC = NO;
				GCC_NO_COMMON_BLOCKS = YES;
				GCC_OPTIMIZATION_LEVEL = 0;
				GCC_PREPROCESSOR_DEFINITIONS = (
					"DEBUG=1",
					"$(inherited)",
				);
				GCC_WARN_64_TO_32_BIT_CONVERSION = YES;
				GCC_WARN_ABOUT_RETURN_TYPE = YES_ERROR;
				GCC_WARN_UNDECLARED_SELECTOR = YES;
				GCC_WARN_UNINITIALIZED_AUTOS = YES_AGGRESSIVE;
				GCC_WARN_UNUSED_FUNCTION = YES;
				GCC_WARN_UNUSED_VARIABLE = YES;
				IPHONEOS_DEPLOYMENT_TARGET = 10.0;
				MTL_ENABLE_DEBUG_INFO = YES;
				ONLY_ACTIVE_ARCH = YES;
				SDKROOT = iphoneos;
				SWIFT_ACTIVE_COMPILATION_CONDITIONS = DEBUG;
				SWIFT_OPTIMIZATION_LEVEL = "-Onone";
				TARGETED_DEVICE_FAMILY = "1,2";
			};
			name = Debug;
		};
		FDD32D5C1DBF6473001D7884 /* Release */ = {
			isa = XCBuildConfiguration;
			buildSettings = {
				ALWAYS_SEARCH_USER_PATHS = NO;
				CLANG_ANALYZER_NONNULL = YES;
				CLANG_CXX_LANGUAGE_STANDARD = "gnu++0x";
				CLANG_CXX_LIBRARY = "libc++";
				CLANG_ENABLE_MODULES = YES;
				CLANG_ENABLE_OBJC_ARC = YES;
				CLANG_WARN_BOOL_CONVERSION = YES;
				CLANG_WARN_CONSTANT_CONVERSION = YES;
				CLANG_WARN_DIRECT_OBJC_ISA_USAGE = YES_ERROR;
				CLANG_WARN_DOCUMENTATION_COMMENTS = YES;
				CLANG_WARN_EMPTY_BODY = YES;
				CLANG_WARN_ENUM_CONVERSION = YES;
				CLANG_WARN_INFINITE_RECURSION = YES;
				CLANG_WARN_INT_CONVERSION = YES;
				CLANG_WARN_OBJC_ROOT_CLASS = YES_ERROR;
				CLANG_WARN_SUSPICIOUS_MOVES = YES;
				CLANG_WARN_UNREACHABLE_CODE = YES;
				CLANG_WARN__DUPLICATE_METHOD_MATCH = YES;
				"CODE_SIGN_IDENTITY[sdk=iphoneos*]" = "iPhone Developer";
				COPY_PHASE_STRIP = NO;
				DEBUG_INFORMATION_FORMAT = "dwarf-with-dsym";
				ENABLE_NS_ASSERTIONS = NO;
				ENABLE_STRICT_OBJC_MSGSEND = YES;
				GCC_C_LANGUAGE_STANDARD = gnu99;
				GCC_NO_COMMON_BLOCKS = YES;
				GCC_WARN_64_TO_32_BIT_CONVERSION = YES;
				GCC_WARN_ABOUT_RETURN_TYPE = YES_ERROR;
				GCC_WARN_UNDECLARED_SELECTOR = YES;
				GCC_WARN_UNINITIALIZED_AUTOS = YES_AGGRESSIVE;
				GCC_WARN_UNUSED_FUNCTION = YES;
				GCC_WARN_UNUSED_VARIABLE = YES;
				IPHONEOS_DEPLOYMENT_TARGET = 10.0;
				MTL_ENABLE_DEBUG_INFO = NO;
				SDKROOT = iphoneos;
				SWIFT_OPTIMIZATION_LEVEL = "-Owholemodule";
				TARGETED_DEVICE_FAMILY = "1,2";
				VALIDATE_PRODUCT = YES;
			};
			name = Release;
		};
		FDD32D5E1DBF6473001D7884 /* Debug */ = {
			isa = XCBuildConfiguration;
			buildSettings = {
				ASSETCATALOG_COMPILER_APPICON_NAME = AppIcon;
				INFOPLIST_FILE = TESTPRO/Info.plist;
				LD_RUNPATH_SEARCH_PATHS = "$(inherited) @executable_path/Frameworks";
				PRODUCT_BUNDLE_IDENTIFIER = com.test.TESTPRO;
				PRODUCT_NAME = "$(TARGET_NAME)";
				SWIFT_VERSION = 3.0;
			};
			name = Debug;
		};
		FDD32D5F1DBF6473001D7884 /* Release */ = {
			isa = XCBuildConfiguration;
			buildSettings = {
				ASSETCATALOG_COMPILER_APPICON_NAME = AppIcon;
				INFOPLIST_FILE = TESTPRO/Info.plist;
				LD_RUNPATH_SEARCH_PATHS = "$(inherited) @executable_path/Frameworks";
				PRODUCT_BUNDLE_IDENTIFIER = com.test.TESTPRO;
				PRODUCT_NAME = "$(TARGET_NAME)";
				SWIFT_VERSION = 3.0;
			};
			name = Release;
		};
		FDD32D611DBF6473001D7884 /* Debug */ = {
			isa = XCBuildConfiguration;
			buildSettings = {
				ALWAYS_EMBED_SWIFT_STANDARD_LIBRARIES = YES;
				BUNDLE_LOADER = "$(TEST_HOST)";
				INFOPLIST_FILE = TESTPROTests/Info.plist;
				LD_RUNPATH_SEARCH_PATHS = "$(inherited) @executable_path/Frameworks @loader_path/Frameworks";
				PRODUCT_BUNDLE_IDENTIFIER = com.test.TESTPROTests;
				PRODUCT_NAME = "$(TARGET_NAME)";
				SWIFT_VERSION = 3.0;
				TEST_HOST = "$(BUILT_PRODUCTS_DIR)/TESTPRO.app/TESTPRO";
			};
			name = Debug;
		};
		FDD32D621DBF6473001D7884 /* Release */ = {
			isa = XCBuildConfiguration;
			buildSettings = {
				ALWAYS_EMBED_SWIFT_STANDARD_LIBRARIES = YES;
				BUNDLE_LOADER = "$(TEST_HOST)";
				INFOPLIST_FILE = TESTPROTests/Info.plist;
				LD_RUNPATH_SEARCH_PATHS = "$(inherited) @executable_path/Frameworks @loader_path/Frameworks";
				PRODUCT_BUNDLE_IDENTIFIER = com.test.TESTPROTests;
				PRODUCT_NAME = "$(TARGET_NAME)";
				SWIFT_VERSION = 3.0;
				TEST_HOST = "$(BUILT_PRODUCTS_DIR)/TESTPRO.app/TESTPRO";
			};
			name = Release;
		};
		FDD32D641DBF6473001D7884 /* Debug */ = {
			isa = XCBuildConfiguration;
			buildSettings = {
				ALWAYS_EMBED_SWIFT_STANDARD_LIBRARIES = YES;
				INFOPLIST_FILE = TESTPROUITests/Info.plist;
				LD_RUNPATH_SEARCH_PATHS = "$(inherited) @executable_path/Frameworks @loader_path/Frameworks";
				PRODUCT_BUNDLE_IDENTIFIER = com.test.TESTPROUITests;
				PRODUCT_NAME = "$(TARGET_NAME)";
				SWIFT_VERSION = 3.0;
				TEST_TARGET_NAME = TESTPRO;
			};
			name = Debug;
		};
		FDD32D651DBF6473001D7884 /* Release */ = {
			isa = XCBuildConfiguration;
			buildSettings = {
				ALWAYS_EMBED_SWIFT_STANDARD_LIBRARIES = YES;
				INFOPLIST_FILE = TESTPROUITests/Info.plist;
				LD_RUNPATH_SEARCH_PATHS = "$(inherited) @executable_path/Frameworks @loader_path/Frameworks";
				PRODUCT_BUNDLE_IDENTIFIER = com.test.TESTPROUITests;
				PRODUCT_NAME = "$(TARGET_NAME)";
				SWIFT_VERSION = 3.0;
				TEST_TARGET_NAME = TESTPRO;
			};
			name = Release;
		};
/* End XCBuildConfiguration section */

/* Begin XCConfigurationList section */
		FDD32D2D1DBF6472001D7884 /* Build configuration list for PBXProject "TESTPRO" */ = {
			isa = XCConfigurationList;
			buildConfigurations = (
				FDD32D5B1DBF6473001D7884 /* Debug */,
				FDD32D5C1DBF6473001D7884 /* Release */,
			);
			defaultConfigurationIsVisible = 0;
			defaultConfigurationName = Release;
		};
		FDD32D5D1DBF6473001D7884 /* Build configuration list for PBXNativeTarget "TESTPRO" */ = {
			isa = XCConfigurationList;
			buildConfigurations = (
				FDD32D5E1DBF6473001D7884 /* Debug */,
				FDD32D5F1DBF6473001D7884 /* Release */,
			);
			defaultConfigurationIsVisible = 0;
		};
		FDD32D601DBF6473001D7884 /* Build configuration list for PBXNativeTarget "TESTPROTests" */ = {
			isa = XCConfigurationList;
			buildConfigurations = (
				FDD32D611DBF6473001D7884 /* Debug */,
				FDD32D621DBF6473001D7884 /* Release */,
			);
			defaultConfigurationIsVisible = 0;
		};
		FDD32D631DBF6473001D7884 /* Build configuration list for PBXNativeTarget "TESTPROUITests" */ = {
			isa = XCConfigurationList;
			buildConfigurations = (
				FDD32D641DBF6473001D7884 /* Debug */,
				FDD32D651DBF6473001D7884 /* Release */,
			);
			defaultConfigurationIsVisible = 0;
		};
/* End XCConfigurationList section */

/* Begin XCVersionGroup section */
		FDD32D3C1DBF6472001D7884 /* TESTPRO.xcdatamodeld */ = {
			isa = XCVersionGroup;
			children = (
				FDD32D3D1DBF6472001D7884 /* TESTPRO.xcdatamodel */,
			);
			currentVersion = FDD32D3D1DBF6472001D7884 /* TESTPRO.xcdatamodel */;
			path = TESTPRO.xcdatamodeld;
			sourceTree = "<group>";
			versionGroupType = wrapper.xcdatamodel;
		};
/* End XCVersionGroup section */
	};
	rootObject = FDD32D2A1DBF6472001D7884 /* Project object */;
}
